// !$*UTF8*$!
{
	archiveVersion = 1;
	classes = {
	};
	objectVersion = 46;
	objects = {

/* Begin PBXBuildFile section */
		06B039D032631CF62A020D5D /* libPods-RottenTomatoes.a in Frameworks */ = {isa = PBXBuildFile; fileRef = 5DC7A9928E4636BB496465DF /* libPods-RottenTomatoes.a */; };
		97BB96661BA8D88000CD158E /* main.m in Sources */ = {isa = PBXBuildFile; fileRef = 97BB96651BA8D88000CD158E /* main.m */; };
		97BB96691BA8D88000CD158E /* AppDelegate.m in Sources */ = {isa = PBXBuildFile; fileRef = 97BB96681BA8D88000CD158E /* AppDelegate.m */; };
		97BB966C1BA8D88000CD158E /* ViewController.m in Sources */ = {isa = PBXBuildFile; fileRef = 97BB966B1BA8D88000CD158E /* ViewController.m */; };
		97BB966F1BA8D88000CD158E /* Main.storyboard in Resources */ = {isa = PBXBuildFile; fileRef = 97BB966D1BA8D88000CD158E /* Main.storyboard */; };
		97BB96711BA8D88000CD158E /* Images.xcassets in Resources */ = {isa = PBXBuildFile; fileRef = 97BB96701BA8D88000CD158E /* Images.xcassets */; };
		97BB96741BA8D88000CD158E /* LaunchScreen.xib in Resources */ = {isa = PBXBuildFile; fileRef = 97BB96721BA8D88000CD158E /* LaunchScreen.xib */; };
		97BB96801BA8D88000CD158E /* RottenTomatoesTests.m in Sources */ = {isa = PBXBuildFile; fileRef = 97BB967F1BA8D88000CD158E /* RottenTomatoesTests.m */; };
		97BB968B1BA8DC1800CD158E /* MoviesViewController.m in Sources */ = {isa = PBXBuildFile; fileRef = 97BB968A1BA8DC1800CD158E /* MoviesViewController.m */; };
		97BB968E1BA8DC2F00CD158E /* DVDsViewController.m in Sources */ = {isa = PBXBuildFile; fileRef = 97BB968D1BA8DC2F00CD158E /* DVDsViewController.m */; };
		97BB96911BA8DE5200CD158E /* MovieTableViewCell.m in Sources */ = {isa = PBXBuildFile; fileRef = 97BB96901BA8DE5200CD158E /* MovieTableViewCell.m */; };
		97BB96941BA8EF1000CD158E /* MovieDetailsViewController.m in Sources */ = {isa = PBXBuildFile; fileRef = 97BB96931BA8EF1000CD158E /* MovieDetailsViewController.m */; };
		97BB96971BA8F1B700CD158E /* MovieDetailTableViewCell.m in Sources */ = {isa = PBXBuildFile; fileRef = 97BB96961BA8F1B700CD158E /* MovieDetailTableViewCell.m */; };
/* End PBXBuildFile section */

/* Begin PBXContainerItemProxy section */
		97BB967A1BA8D88000CD158E /* PBXContainerItemProxy */ = {
			isa = PBXContainerItemProxy;
			containerPortal = 97BB96581BA8D88000CD158E /* Project object */;
			proxyType = 1;
			remoteGlobalIDString = 97BB965F1BA8D88000CD158E;
			remoteInfo = RottenTomatoes;
		};
/* End PBXContainerItemProxy section */

/* Begin PBXFileReference section */
		5192F2C9FC4D82F00A061B20 /* Pods-RottenTomatoes.debug.xcconfig */ = {isa = PBXFileReference; includeInIndex = 1; lastKnownFileType = text.xcconfig; name = "Pods-RottenTomatoes.debug.xcconfig"; path = "Pods/Target Support Files/Pods-RottenTomatoes/Pods-RottenTomatoes.debug.xcconfig"; sourceTree = "<group>"; };
		5DC7A9928E4636BB496465DF /* libPods-RottenTomatoes.a */ = {isa = PBXFileReference; explicitFileType = archive.ar; includeInIndex = 0; path = "libPods-RottenTomatoes.a"; sourceTree = BUILT_PRODUCTS_DIR; };
		69D49EA410149F141B2BDFDD /* Pods-RottenTomatoes.release.xcconfig */ = {isa = PBXFileReference; includeInIndex = 1; lastKnownFileType = text.xcconfig; name = "Pods-RottenTomatoes.release.xcconfig"; path = "Pods/Target Support Files/Pods-RottenTomatoes/Pods-RottenTomatoes.release.xcconfig"; sourceTree = "<group>"; };
		97BB96601BA8D88000CD158E /* RottenTomatoes.app */ = {isa = PBXFileReference; explicitFileType = wrapper.application; includeInIndex = 0; path = RottenTomatoes.app; sourceTree = BUILT_PRODUCTS_DIR; };
		97BB96641BA8D88000CD158E /* Info.plist */ = {isa = PBXFileReference; lastKnownFileType = text.plist.xml; path = Info.plist; sourceTree = "<group>"; };
		97BB96651BA8D88000CD158E /* main.m */ = {isa = PBXFileReference; lastKnownFileType = sourcecode.c.objc; path = main.m; sourceTree = "<group>"; };
		97BB96671BA8D88000CD158E /* AppDelegate.h */ = {isa = PBXFileReference; lastKnownFileType = sourcecode.c.h; path = AppDelegate.h; sourceTree = "<group>"; };
		97BB96681BA8D88000CD158E /* AppDelegate.m */ = {isa = PBXFileReference; lastKnownFileType = sourcecode.c.objc; path = AppDelegate.m; sourceTree = "<group>"; };
		97BB966A1BA8D88000CD158E /* ViewController.h */ = {isa = PBXFileReference; lastKnownFileType = sourcecode.c.h; path = ViewController.h; sourceTree = "<group>"; };
		97BB966B1BA8D88000CD158E /* ViewController.m */ = {isa = PBXFileReference; lastKnownFileType = sourcecode.c.objc; path = ViewController.m; sourceTree = "<group>"; };
		97BB966E1BA8D88000CD158E /* Base */ = {isa = PBXFileReference; lastKnownFileType = file.storyboard; name = Base; path = Base.lproj/Main.storyboard; sourceTree = "<group>"; };
		97BB96701BA8D88000CD158E /* Images.xcassets */ = {isa = PBXFileReference; lastKnownFileType = folder.assetcatalog; path = Images.xcassets; sourceTree = "<group>"; };
		97BB96731BA8D88000CD158E /* Base */ = {isa = PBXFileReference; lastKnownFileType = file.xib; name = Base; path = Base.lproj/LaunchScreen.xib; sourceTree = "<group>"; };
		97BB96791BA8D88000CD158E /* RottenTomatoesTests.xctest */ = {isa = PBXFileReference; explicitFileType = wrapper.cfbundle; includeInIndex = 0; path = RottenTomatoesTests.xctest; sourceTree = BUILT_PRODUCTS_DIR; };
		97BB967E1BA8D88000CD158E /* Info.plist */ = {isa = PBXFileReference; lastKnownFileType = text.plist.xml; path = Info.plist; sourceTree = "<group>"; };
		97BB967F1BA8D88000CD158E /* RottenTomatoesTests.m */ = {isa = PBXFileReference; lastKnownFileType = sourcecode.c.objc; path = RottenTomatoesTests.m; sourceTree = "<group>"; };
		97BB96891BA8DC1800CD158E /* MoviesViewController.h */ = {isa = PBXFileReference; fileEncoding = 4; lastKnownFileType = sourcecode.c.h; path = MoviesViewController.h; sourceTree = "<group>"; };
		97BB968A1BA8DC1800CD158E /* MoviesViewController.m */ = {isa = PBXFileReference; fileEncoding = 4; lastKnownFileType = sourcecode.c.objc; path = MoviesViewController.m; sourceTree = "<group>"; };
		97BB968C1BA8DC2F00CD158E /* DVDsViewController.h */ = {isa = PBXFileReference; fileEncoding = 4; lastKnownFileType = sourcecode.c.h; path = DVDsViewController.h; sourceTree = "<group>"; };
		97BB968D1BA8DC2F00CD158E /* DVDsViewController.m */ = {isa = PBXFileReference; fileEncoding = 4; lastKnownFileType = sourcecode.c.objc; path = DVDsViewController.m; sourceTree = "<group>"; };
		97BB968F1BA8DE5200CD158E /* MovieTableViewCell.h */ = {isa = PBXFileReference; fileEncoding = 4; lastKnownFileType = sourcecode.c.h; path = MovieTableViewCell.h; sourceTree = "<group>"; };
		97BB96901BA8DE5200CD158E /* MovieTableViewCell.m */ = {isa = PBXFileReference; fileEncoding = 4; lastKnownFileType = sourcecode.c.objc; path = MovieTableViewCell.m; sourceTree = "<group>"; };
		97BB96921BA8EF1000CD158E /* MovieDetailsViewController.h */ = {isa = PBXFileReference; fileEncoding = 4; lastKnownFileType = sourcecode.c.h; path = MovieDetailsViewController.h; sourceTree = "<group>"; };
		97BB96931BA8EF1000CD158E /* MovieDetailsViewController.m */ = {isa = PBXFileReference; fileEncoding = 4; lastKnownFileType = sourcecode.c.objc; path = MovieDetailsViewController.m; sourceTree = "<group>"; };
		97BB96951BA8F1B700CD158E /* MovieDetailTableViewCell.h */ = {isa = PBXFileReference; fileEncoding = 4; lastKnownFileType = sourcecode.c.h; path = MovieDetailTableViewCell.h; sourceTree = "<group>"; };
		97BB96961BA8F1B700CD158E /* MovieDetailTableViewCell.m */ = {isa = PBXFileReference; fileEncoding = 4; lastKnownFileType = sourcecode.c.objc; path = MovieDetailTableViewCell.m; sourceTree = "<group>"; };
/* End PBXFileReference section */

/* Begin PBXFrameworksBuildPhase section */
		97BB965D1BA8D88000CD158E /* Frameworks */ = {
			isa = PBXFrameworksBuildPhase;
			buildActionMask = 2147483647;
			files = (
				06B039D032631CF62A020D5D /* libPods-RottenTomatoes.a in Frameworks */,
			);
			runOnlyForDeploymentPostprocessing = 0;
		};
		97BB96761BA8D88000CD158E /* Frameworks */ = {
			isa = PBXFrameworksBuildPhase;
			buildActionMask = 2147483647;
			files = (
			);
			runOnlyForDeploymentPostprocessing = 0;
		};
/* End PBXFrameworksBuildPhase section */

/* Begin PBXGroup section */
		0C4341759B02781C2D8A5BA6 /* Frameworks */ = {
			isa = PBXGroup;
			children = (
				5DC7A9928E4636BB496465DF /* libPods-RottenTomatoes.a */,
			);
			name = Frameworks;
			sourceTree = "<group>";
		};
		97BB96571BA8D88000CD158E = {
			isa = PBXGroup;
			children = (
				97BB96621BA8D88000CD158E /* RottenTomatoes */,
				97BB967C1BA8D88000CD158E /* RottenTomatoesTests */,
				97BB96611BA8D88000CD158E /* Products */,
				E3DE989852B82B0A0C63A92C /* Pods */,
				0C4341759B02781C2D8A5BA6 /* Frameworks */,
			);
			sourceTree = "<group>";
		};
		97BB96611BA8D88000CD158E /* Products */ = {
			isa = PBXGroup;
			children = (
				97BB96601BA8D88000CD158E /* RottenTomatoes.app */,
				97BB96791BA8D88000CD158E /* RottenTomatoesTests.xctest */,
			);
			name = Products;
			sourceTree = "<group>";
		};
		97BB96621BA8D88000CD158E /* RottenTomatoes */ = {
			isa = PBXGroup;
			children = (
				97BB96671BA8D88000CD158E /* AppDelegate.h */,
				97BB96681BA8D88000CD158E /* AppDelegate.m */,
				97BB96891BA8DC1800CD158E /* MoviesViewController.h */,
				97BB968C1BA8DC2F00CD158E /* DVDsViewController.h */,
				97BB968D1BA8DC2F00CD158E /* DVDsViewController.m */,
				97BB968A1BA8DC1800CD158E /* MoviesViewController.m */,
				97BB966A1BA8D88000CD158E /* ViewController.h */,
				97BB966B1BA8D88000CD158E /* ViewController.m */,
				97BB96921BA8EF1000CD158E /* MovieDetailsViewController.h */,
				97BB96931BA8EF1000CD158E /* MovieDetailsViewController.m */,
				97BB966D1BA8D88000CD158E /* Main.storyboard */,
				97BB96951BA8F1B700CD158E /* MovieDetailTableViewCell.h */,
				97BB96961BA8F1B700CD158E /* MovieDetailTableViewCell.m */,
				97BB968F1BA8DE5200CD158E /* MovieTableViewCell.h */,
				97BB96901BA8DE5200CD158E /* MovieTableViewCell.m */,
				97BB96701BA8D88000CD158E /* Images.xcassets */,
				97BB96721BA8D88000CD158E /* LaunchScreen.xib */,
				97BB96631BA8D88000CD158E /* Supporting Files */,
			);
			path = RottenTomatoes;
			sourceTree = "<group>";
		};
		97BB96631BA8D88000CD158E /* Supporting Files */ = {
			isa = PBXGroup;
			children = (
				97BB96641BA8D88000CD158E /* Info.plist */,
				97BB96651BA8D88000CD158E /* main.m */,
			);
			name = "Supporting Files";
			sourceTree = "<group>";
		};
		97BB967C1BA8D88000CD158E /* RottenTomatoesTests */ = {
			isa = PBXGroup;
			children = (
				97BB967F1BA8D88000CD158E /* RottenTomatoesTests.m */,
				97BB967D1BA8D88000CD158E /* Supporting Files */,
			);
			path = RottenTomatoesTests;
			sourceTree = "<group>";
		};
		97BB967D1BA8D88000CD158E /* Supporting Files */ = {
			isa = PBXGroup;
			children = (
				97BB967E1BA8D88000CD158E /* Info.plist */,
			);
			name = "Supporting Files";
			sourceTree = "<group>";
		};
		E3DE989852B82B0A0C63A92C /* Pods */ = {
			isa = PBXGroup;
			children = (
				5192F2C9FC4D82F00A061B20 /* Pods-RottenTomatoes.debug.xcconfig */,
				69D49EA410149F141B2BDFDD /* Pods-RottenTomatoes.release.xcconfig */,
			);
			name = Pods;
			sourceTree = "<group>";
		};
/* End PBXGroup section */

/* Begin PBXNativeTarget section */
		97BB965F1BA8D88000CD158E /* RottenTomatoes */ = {
			isa = PBXNativeTarget;
			buildConfigurationList = 97BB96831BA8D88000CD158E /* Build configuration list for PBXNativeTarget "RottenTomatoes" */;
			buildPhases = (
				25E0A57F94E2D53272AB0815 /* Check Pods Manifest.lock */,
				97BB965C1BA8D88000CD158E /* Sources */,
				97BB965D1BA8D88000CD158E /* Frameworks */,
				97BB965E1BA8D88000CD158E /* Resources */,
				A878EF41B942904B6267D057 /* Copy Pods Resources */,
			);
			buildRules = (
			);
			dependencies = (
			);
			name = RottenTomatoes;
			productName = RottenTomatoes;
			productReference = 97BB96601BA8D88000CD158E /* RottenTomatoes.app */;
			productType = "com.apple.product-type.application";
		};
		97BB96781BA8D88000CD158E /* RottenTomatoesTests */ = {
			isa = PBXNativeTarget;
			buildConfigurationList = 97BB96861BA8D88000CD158E /* Build configuration list for PBXNativeTarget "RottenTomatoesTests" */;
			buildPhases = (
				97BB96751BA8D88000CD158E /* Sources */,
				97BB96761BA8D88000CD158E /* Frameworks */,
				97BB96771BA8D88000CD158E /* Resources */,
			);
			buildRules = (
			);
			dependencies = (
				97BB967B1BA8D88000CD158E /* PBXTargetDependency */,
			);
			name = RottenTomatoesTests;
			productName = RottenTomatoesTests;
			productReference = 97BB96791BA8D88000CD158E /* RottenTomatoesTests.xctest */;
			productType = "com.apple.product-type.bundle.unit-test";
		};
/* End PBXNativeTarget section */

/* Begin PBXProject section */
		97BB96581BA8D88000CD158E /* Project object */ = {
			isa = PBXProject;
			attributes = {
				LastUpgradeCheck = 0640;
				ORGANIZATIONNAME = "Pankaj Bedse";
				TargetAttributes = {
					97BB965F1BA8D88000CD158E = {
						CreatedOnToolsVersion = 6.4;
					};
					97BB96781BA8D88000CD158E = {
						CreatedOnToolsVersion = 6.4;
						TestTargetID = 97BB965F1BA8D88000CD158E;
					};
				};
			};
			buildConfigurationList = 97BB965B1BA8D88000CD158E /* Build configuration list for PBXProject "RottenTomatoes" */;
			compatibilityVersion = "Xcode 3.2";
			developmentRegion = English;
			hasScannedForEncodings = 0;
			knownRegions = (
				en,
				Base,
			);
			mainGroup = 97BB96571BA8D88000CD158E;
			productRefGroup = 97BB96611BA8D88000CD158E /* Products */;
			projectDirPath = "";
			projectRoot = "";
			targets = (
				97BB965F1BA8D88000CD158E /* RottenTomatoes */,
				97BB96781BA8D88000CD158E /* RottenTomatoesTests */,
			);
		};
/* End PBXProject section */

/* Begin PBXResourcesBuildPhase section */
		97BB965E1BA8D88000CD158E /* Resources */ = {
			isa = PBXResourcesBuildPhase;
			buildActionMask = 2147483647;
			files = (
				97BB966F1BA8D88000CD158E /* Main.storyboard in Resources */,
				97BB96741BA8D88000CD158E /* LaunchScreen.xib in Resources */,
				97BB96711BA8D88000CD158E /* Images.xcassets in Resources */,
			);
			runOnlyForDeploymentPostprocessing = 0;
		};
		97BB96771BA8D88000CD158E /* Resources */ = {
			isa = PBXResourcesBuildPhase;
			buildActionMask = 2147483647;
			files = (
			);
			runOnlyForDeploymentPostprocessing = 0;
		};
/* End PBXResourcesBuildPhase section */

/* Begin PBXShellScriptBuildPhase section */
		25E0A57F94E2D53272AB0815 /* Check Pods Manifest.lock */ = {
			isa = PBXShellScriptBuildPhase;
			buildActionMask = 2147483647;
			files = (
			);
			inputPaths = (
			);
			name = "Check Pods Manifest.lock";
			outputPaths = (
			);
			runOnlyForDeploymentPostprocessing = 0;
			shellPath = /bin/sh;
			shellScript = "diff \"${PODS_ROOT}/../Podfile.lock\" \"${PODS_ROOT}/Manifest.lock\" > /dev/null\nif [[ $? != 0 ]] ; then\n    cat << EOM\nerror: The sandbox is not in sync with the Podfile.lock. Run 'pod install' or update your CocoaPods installation.\nEOM\n    exit 1\nfi\n";
			showEnvVarsInLog = 0;
		};
		A878EF41B942904B6267D057 /* Copy Pods Resources */ = {
			isa = PBXShellScriptBuildPhase;
			buildActionMask = 2147483647;
			files = (
			);
			inputPaths = (
			);
			name = "Copy Pods Resources";
			outputPaths = (
			);
			runOnlyForDeploymentPostprocessing = 0;
			shellPath = /bin/sh;
			shellScript = "\"${SRCROOT}/Pods/Target Support Files/Pods-RottenTomatoes/Pods-RottenTomatoes-resources.sh\"\n";
			showEnvVarsInLog = 0;
		};
/* End PBXShellScriptBuildPhase section */

/* Begin PBXSourcesBuildPhase section */
		97BB965C1BA8D88000CD158E /* Sources */ = {
			isa = PBXSourcesBuildPhase;
			buildActionMask = 2147483647;
			files = (
				97BB966C1BA8D88000CD158E /* ViewController.m in Sources */,
				97BB96691BA8D88000CD158E /* AppDelegate.m in Sources */,
				97BB968E1BA8DC2F00CD158E /* DVDsViewController.m in Sources */,
				97BB96971BA8F1B700CD158E /* MovieDetailTableViewCell.m in Sources */,
				97BB96941BA8EF1000CD158E /* MovieDetailsViewController.m in Sources */,
				97BB96661BA8D88000CD158E /* main.m in Sources */,
				97BB96911BA8DE5200CD158E /* MovieTableViewCell.m in Sources */,
				97BB968B1BA8DC1800CD158E /* MoviesViewController.m in Sources */,
			);
			runOnlyForDeploymentPostprocessing = 0;
		};
		97BB96751BA8D88000CD158E /* Sources */ = {
			isa = PBXSourcesBuildPhase;
			buildActionMask = 2147483647;
			files = (
				97BB96801BA8D88000CD158E /* RottenTomatoesTests.m in Sources */,
			);
			runOnlyForDeploymentPostprocessing = 0;
		};
/* End PBXSourcesBuildPhase section */

/* Begin PBXTargetDependency section */
		97BB967B1BA8D88000CD158E /* PBXTargetDependency */ = {
			isa = PBXTargetDependency;
			target = 97BB965F1BA8D88000CD158E /* RottenTomatoes */;
			targetProxy = 97BB967A1BA8D88000CD158E /* PBXContainerItemProxy */;
		};
/* End PBXTargetDependency section */

/* Begin PBXVariantGroup section */
		97BB966D1BA8D88000CD158E /* Main.storyboard */ = {
			isa = PBXVariantGroup;
			children = (
				97BB966E1BA8D88000CD158E /* Base */,
			);
			name = Main.storyboard;
			sourceTree = "<group>";
		};
		97BB96721BA8D88000CD158E /* LaunchScreen.xib */ = {
			isa = PBXVariantGroup;
			children = (
				97BB96731BA8D88000CD158E /* Base */,
			);
			name = LaunchScreen.xib;
			sourceTree = "<group>";
		};
/* End PBXVariantGroup section */

/* Begin XCBuildConfiguration section */
		97BB96811BA8D88000CD158E /* Debug */ = {
			isa = XCBuildConfiguration;
			buildSettings = {
				ALWAYS_SEARCH_USER_PATHS = NO;
				CLANG_CXX_LANGUAGE_STANDARD = "gnu++0x";
				CLANG_CXX_LIBRARY = "libc++";
				CLANG_ENABLE_MODULES = YES;
				CLANG_ENABLE_OBJC_ARC = YES;
				CLANG_WARN_BOOL_CONVERSION = YES;
				CLANG_WARN_CONSTANT_CONVERSION = YES;
				CLANG_WARN_DIRECT_OBJC_ISA_USAGE = YES_ERROR;
				CLANG_WARN_EMPTY_BODY = YES;
				CLANG_WARN_ENUM_CONVERSION = YES;
				CLANG_WARN_INT_CONVERSION = YES;
				CLANG_WARN_OBJC_ROOT_CLASS = YES_ERROR;
				CLANG_WARN_UNREACHABLE_CODE = YES;
				CLANG_WARN__DUPLICATE_METHOD_MATCH = YES;
				"CODE_SIGN_IDENTITY[sdk=iphoneos*]" = "iPhone Developer";
				COPY_PHASE_STRIP = NO;
				DEBUG_INFORMATION_FORMAT = "dwarf-with-dsym";
				ENABLE_STRICT_OBJC_MSGSEND = YES;
				GCC_C_LANGUAGE_STANDARD = gnu99;
				GCC_DYNAMIC_NO_PIC = NO;
				GCC_NO_COMMON_BLOCKS = YES;
				GCC_OPTIMIZATION_LEVEL = 0;
				GCC_PREPROCESSOR_DEFINITIONS = (
					"DEBUG=1",
					"$(inherited)",
				);
				GCC_SYMBOLS_PRIVATE_EXTERN = NO;
				GCC_WARN_64_TO_32_BIT_CONVERSION = YES;
				GCC_WARN_ABOUT_RETURN_TYPE = YES_ERROR;
				GCC_WARN_UNDECLARED_SELECTOR = YES;
				GCC_WARN_UNINITIALIZED_AUTOS = YES_AGGRESSIVE;
				GCC_WARN_UNUSED_FUNCTION = YES;
				GCC_WARN_UNUSED_VARIABLE = YES;
				IPHONEOS_DEPLOYMENT_TARGET = 8.4;
				MTL_ENABLE_DEBUG_INFO = YES;
				ONLY_ACTIVE_ARCH = YES;
				SDKROOT = iphoneos;
			};
			name = Debug;
		};
		97BB96821BA8D88000CD158E /* Release */ = {
			isa = XCBuildConfiguration;
			buildSettings = {
				ALWAYS_SEARCH_USER_PATHS = NO;
				CLANG_CXX_LANGUAGE_STANDARD = "gnu++0x";
				CLANG_CXX_LIBRARY = "libc++";
				CLANG_ENABLE_MODULES = YES;
				CLANG_ENABLE_OBJC_ARC = YES;
				CLANG_WARN_BOOL_CONVERSION = YES;
				CLANG_WARN_CONSTANT_CONVERSION = YES;
				CLANG_WARN_DIRECT_OBJC_ISA_USAGE = YES_ERROR;
				CLANG_WARN_EMPTY_BODY = YES;
				CLANG_WARN_ENUM_CONVERSION = YES;
				CLANG_WARN_INT_CONVERSION = YES;
				CLANG_WARN_OBJC_ROOT_CLASS = YES_ERROR;
				CLANG_WARN_UNREACHABLE_CODE = YES;
				CLANG_WARN__DUPLICATE_METHOD_MATCH = YES;
				"CODE_SIGN_IDENTITY[sdk=iphoneos*]" = "iPhone Developer";
				COPY_PHASE_STRIP = NO;
				DEBUG_INFORMATION_FORMAT = "dwarf-with-dsym";
				ENABLE_NS_ASSERTIONS = NO;
				ENABLE_STRICT_OBJC_MSGSEND = YES;
				GCC_C_LANGUAGE_STANDARD = gnu99;
				GCC_NO_COMMON_BLOCKS = YES;
				GCC_WARN_64_TO_32_BIT_CONVERSION = YES;
				GCC_WARN_ABOUT_RETURN_TYPE = YES_ERROR;
				GCC_WARN_UNDECLARED_SELECTOR = YES;
				GCC_WARN_UNINITIALIZED_AUTOS = YES_AGGRESSIVE;
				GCC_WARN_UNUSED_FUNCTION = YES;
				GCC_WARN_UNUSED_VARIABLE = YES;
				IPHONEOS_DEPLOYMENT_TARGET = 8.4;
				MTL_ENABLE_DEBUG_INFO = NO;
				SDKROOT = iphoneos;
				VALIDATE_PRODUCT = YES;
			};
			name = Release;
		};
		97BB96841BA8D88000CD158E /* Debug */ = {
			isa = XCBuildConfiguration;
			baseConfigurationReference = 5192F2C9FC4D82F00A061B20 /* Pods-RottenTomatoes.debug.xcconfig */;
			buildSettings = {
				ASSETCATALOG_COMPILER_APPICON_NAME = AppIcon;
				INFOPLIST_FILE = RottenTomatoes/Info.plist;
				LD_RUNPATH_SEARCH_PATHS = "$(inherited) @executable_path/Frameworks";
				PRODUCT_NAME = "$(TARGET_NAME)";
			};
			name = Debug;
		};
		97BB96851BA8D88000CD158E /* Release */ = {
			isa = XCBuildConfiguration;
			baseConfigurationReference = 69D49EA410149F141B2BDFDD /* Pods-RottenTomatoes.release.xcconfig */;
			buildSettings = {
				ASSETCATALOG_COMPILER_APPICON_NAME = AppIcon;
				INFOPLIST_FILE = RottenTomatoes/Info.plist;
				LD_RUNPATH_SEARCH_PATHS = "$(inherited) @executable_path/Frameworks";
				PRODUCT_NAME = "$(TARGET_NAME)";
			};
			name = Release;
		};
		97BB96871BA8D88000CD158E /* Debug */ = {
			isa = XCBuildConfiguration;
			buildSettings = {
				BUNDLE_LOADER = "$(TEST_HOST)";
				FRAMEWORK_SEARCH_PATHS = (
					"$(SDKROOT)/Developer/Library/Frameworks",
					"$(inherited)",
				);
				GCC_PREPROCESSOR_DEFINITIONS = (
					"DEBUG=1",
					"$(inherited)",
				);
				INFOPLIST_FILE = RottenTomatoesTests/Info.plist;
				LD_RUNPATH_SEARCH_PATHS = "$(inherited) @executable_path/Frameworks @loader_path/Frameworks";
				PRODUCT_NAME = "$(TARGET_NAME)";
				TEST_HOST = "$(BUILT_PRODUCTS_DIR)/RottenTomatoes.app/RottenTomatoes";
			};
			name = Debug;
		};
		97BB96881BA8D88000CD158E /* Release */ = {
			isa = XCBuildConfiguration;
			buildSettings = {
				BUNDLE_LOADER = "$(TEST_HOST)";
				FRAMEWORK_SEARCH_PATHS = (
					"$(SDKROOT)/Developer/Library/Frameworks",
					"$(inherited)",
				);
				INFOPLIST_FILE = RottenTomatoesTests/Info.plist;
				LD_RUNPATH_SEARCH_PATHS = "$(inherited) @executable_path/Frameworks @loader_path/Frameworks";
				PRODUCT_NAME = "$(TARGET_NAME)";
				TEST_HOST = "$(BUILT_PRODUCTS_DIR)/RottenTomatoes.app/RottenTomatoes";
			};
			name = Release;
		};
/* End XCBuildConfiguration section */

/* Begin XCConfigurationList section */
		97BB965B1BA8D88000CD158E /* Build configuration list for PBXProject "RottenTomatoes" */ = {
			isa = XCConfigurationList;
			buildConfigurations = (
				97BB96811BA8D88000CD158E /* Debug */,
				97BB96821BA8D88000CD158E /* Release */,
			);
			defaultConfigurationIsVisible = 0;
			defaultConfigurationName = Release;
		};
		97BB96831BA8D88000CD158E /* Build configuration list for PBXNativeTarget "RottenTomatoes" */ = {
			isa = XCConfigurationList;
			buildConfigurations = (
				97BB96841BA8D88000CD158E /* Debug */,
				97BB96851BA8D88000CD158E /* Release */,
			);
			defaultConfigurationIsVisible = 0;
			defaultConfigurationName = Release;
		};
		97BB96861BA8D88000CD158E /* Build configuration list for PBXNativeTarget "RottenTomatoesTests" */ = {
			isa = XCConfigurationList;
			buildConfigurations = (
				97BB96871BA8D88000CD158E /* Debug */,
				97BB96881BA8D88000CD158E /* Release */,
			);
			defaultConfigurationIsVisible = 0;
			defaultConfigurationName = Release;
		};
/* End XCConfigurationList section */
	};
	rootObject = 97BB96581BA8D88000CD158E /* Project object */;
}
